
Microsoft Visual Studio Solution File, Format Version 12.00
# Visual Studio 15
VisualStudioVersion = 15.0.28307.168
MinimumVisualStudioVersion = 10.0.40219.1
Project("{FAE04EC0-301F-11D3-BF4B-00C04F79EFBC}") = "lv4_Ralasic", "lv4_Ralasic\lv4_Ralasic.csproj", "{C30B06D0-FC70-413A-B7CD-577F832E234F}"
EndProject
Global
	GlobalSection(SolutionConfigurationPlatforms) = preSolution
		Debug|Any CPU = Debug|Any CPU
		Release|Any CPU = Release|Any CPU
	EndGlobalSection
	GlobalSection(ProjectConfigurationPlatforms) = postSolution
		{C30B06D0-FC70-413A-B7CD-577F832E234F}.Debug|Any CPU.ActiveCfg = Debug|Any CPU
		{C30B06D0-FC70-413A-B7CD-577F832E234F}.Debug|Any CPU.Build.0 = Debug|Any CPU
		{C30B06D0-FC70-413A-B7CD-577F832E234F}.Release|Any CPU.ActiveCfg = Release|Any CPU
		{C30B06D0-FC70-413A-B7CD-577F832E234F}.Release|Any CPU.Build.0 = Release|Any CPU
	EndGlobalSection
	GlobalSection(SolutionProperties) = preSolution
		HideSolutionNode = FALSE
	EndGlobalSection
	GlobalSection(ExtensibilityGlobals) = postSolution
		SolutionGuid = {7E6ED794-F587-4089-82A7-894398E67341}
	EndGlobalSection
EndGlobal
